
Microsoft Visual Studio Solution File, Format Version 12.00
# Visual Studio Version 16
VisualStudioVersion = 16.0.28922.388
MinimumVisualStudioVersion = 10.0.40219.1
Project("{9A19103F-16F7-4668-BE54-9A1E7A4F7556}") = "InsaneRpgServer", "InsaneRpgServer\InsaneRpgServer.csproj", "{32C50BBF-84F1-434E-8129-9CBA09D7755A}"
EndProject
Project("{9A19103F-16F7-4668-BE54-9A1E7A4F7556}") = "ClientTest", "ClientTest\ClientTest.csproj", "{84BF460A-D730-4E99-92B2-4E17E7EBBF6C}"
EndProject
Project("{FAE04EC0-301F-11D3-BF4B-00C04F79EFBC}") = "UdpFacade", "UdpFacade\UdpFacade.csproj", "{B34A89B1-5962-4333-BA90-76669B21B04D}"
EndProject
Global
	GlobalSection(SolutionConfigurationPlatforms) = preSolution
		Debug|Any CPU = Debug|Any CPU
		Release|Any CPU = Release|Any CPU
	EndGlobalSection
	GlobalSection(ProjectConfigurationPlatforms) = postSolution
		{32C50BBF-84F1-434E-8129-9CBA09D7755A}.Debug|Any CPU.ActiveCfg = Debug|Any CPU
		{32C50BBF-84F1-434E-8129-9CBA09D7755A}.Debug|Any CPU.Build.0 = Debug|Any CPU
		{32C50BBF-84F1-434E-8129-9CBA09D7755A}.Release|Any CPU.ActiveCfg = Release|Any CPU
		{32C50BBF-84F1-434E-8129-9CBA09D7755A}.Release|Any CPU.Build.0 = Release|Any CPU
		{84BF460A-D730-4E99-92B2-4E17E7EBBF6C}.Debug|Any CPU.ActiveCfg = Debug|Any CPU
		{84BF460A-D730-4E99-92B2-4E17E7EBBF6C}.Debug|Any CPU.Build.0 = Debug|Any CPU
		{84BF460A-D730-4E99-92B2-4E17E7EBBF6C}.Release|Any CPU.ActiveCfg = Release|Any CPU
		{84BF460A-D730-4E99-92B2-4E17E7EBBF6C}.Release|Any CPU.Build.0 = Release|Any CPU
		{B34A89B1-5962-4333-BA90-76669B21B04D}.Debug|Any CPU.ActiveCfg = Debug|Any CPU
		{B34A89B1-5962-4333-BA90-76669B21B04D}.Debug|Any CPU.Build.0 = Debug|Any CPU
		{B34A89B1-5962-4333-BA90-76669B21B04D}.Release|Any CPU.ActiveCfg = Release|Any CPU
		{B34A89B1-5962-4333-BA90-76669B21B04D}.Release|Any CPU.Build.0 = Release|Any CPU
	EndGlobalSection
	GlobalSection(SolutionProperties) = preSolution
		HideSolutionNode = FALSE
	EndGlobalSection
	GlobalSection(ExtensibilityGlobals) = postSolution
		SolutionGuid = {1FBF6568-631D-40C2-A92F-1E734A5A56C9}
	EndGlobalSection
EndGlobal
